
Microsoft Visual Studio Solution File, Format Version 12.00
# Visual Studio Version 16
VisualStudioVersion = 16.0.29201.188
MinimumVisualStudioVersion = 10.0.40219.1
Project("{FAE04EC0-301F-11D3-BF4B-00C04F79EFBC}") = "SQLitePersistentKeyValueStore", "SQLitePersistentKeyValueStore\SQLitePersistentKeyValueStore.csproj", "{0C46698A-CF81-464F-AF04-4016C5424E5D}"
EndProject
Project("{FAE04EC0-301F-11D3-BF4B-00C04F79EFBC}") = "Tests", "Tests\Tests.csproj", "{2E0F63EF-2AF0-44DF-8435-964DFEE33EA4}"
EndProject
Global
	GlobalSection(SolutionConfigurationPlatforms) = preSolution
		Debug|Any CPU = Debug|Any CPU
		Release|Any CPU = Release|Any CPU
	EndGlobalSection
	GlobalSection(ProjectConfigurationPlatforms) = postSolution
		{0C46698A-CF81-464F-AF04-4016C5424E5D}.Debug|Any CPU.ActiveCfg = Debug|Any CPU
		{0C46698A-CF81-464F-AF04-4016C5424E5D}.Debug|Any CPU.Build.0 = Debug|Any CPU
		{0C46698A-CF81-464F-AF04-4016C5424E5D}.Release|Any CPU.ActiveCfg = Release|Any CPU
		{0C46698A-CF81-464F-AF04-4016C5424E5D}.Release|Any CPU.Build.0 = Release|Any CPU
		{2E0F63EF-2AF0-44DF-8435-964DFEE33EA4}.Debug|Any CPU.ActiveCfg = Debug|Any CPU
		{2E0F63EF-2AF0-44DF-8435-964DFEE33EA4}.Debug|Any CPU.Build.0 = Debug|Any CPU
		{2E0F63EF-2AF0-44DF-8435-964DFEE33EA4}.Release|Any CPU.ActiveCfg = Release|Any CPU
		{2E0F63EF-2AF0-44DF-8435-964DFEE33EA4}.Release|Any CPU.Build.0 = Release|Any CPU
	EndGlobalSection
	GlobalSection(SolutionProperties) = preSolution
		HideSolutionNode = FALSE
	EndGlobalSection
	GlobalSection(ExtensibilityGlobals) = postSolution
		SolutionGuid = {66F01F98-2DDA-498F-BD8F-B2BFBFE2F558}
	EndGlobalSection
EndGlobal
